codeberg.org/reiver/go-erorr v0.0.0-20260509033006-5ff6fb3009f8 h1:es9Eqp/T4MwWnuXxckiAi4BrY9mWSt2v03c2lEcZXZY=
codeberg.org/reiver/go-erorr v0.0.0-20260509033006-5ff6fb3009f8/go.mod h1:+Saq1zyG5OLc5K5PW2Kt7CkXQyiJNX0+lC18/XFeSrY=
codeberg.org/reiver/go-ext2media v0.0.0-20250905222021-305b92371bae h1:aibz/zQx98s+YDgLj/qNpuAGN2TtH5WDm25RXF1ozNY=
codeberg.org/reiver/go-ext2media v0.0.0-20250905222021-305b92371bae/go.mod h1:tHAqKQE+sSswV8hZb/rh1SUmxQIRPouxFhC/OVs9LY4=
codeberg.org/reiver/go-field v0.0.0-20260509032856-5b4f754dc77e h1:wUa4WGPsVMu+nIhoIHa3k0KuJMIvv8bKbc4QuNJAlso=
codeberg.org/reiver/go-field v0.0.0-20260509032856-5b4f754dc77e/go.mod h1:752EzuARz/8LnYzfPcxBFIIKstqok9fyTUmi5qnjn+Q=
github.com/reiver/go-calltrace v0.0.0-20251216205616-3931a8c7b154 h1:3w3kacKCTHArAMZenoEO2qssZzJiQ9G8ZJgEvKerbuE=
github.com/reiver/go-calltrace v0.0.0-20251216205616-3931a8c7b154/go.mod h1:b9j4dbN++ed+soAS/+wSCZ+OsZSm3CWiuzxps8nzkew=
github.com/reiver/go-http201 v0.0.0-20260511194045-b556aafda774 h1:WaoV/PaS7UFJT6TQa9nWpdLy0slR0G240R4H8g6qpG0=
github.com/reiver/go-http201 v0.0.0-20260511194045-b556aafda774/go.mod h1:FIwvLejIbOFOI0JB1DnUNQRN36uvCvxcvqSVwMMwEcs=
github.com/reiver/go-http204 v0.0.0-20260512221500-eb48ffc5c4d3 h1:gL7Qb/tb77sxirisQPhN8VIBhnZmlC1imzD1cYreW4Y=
github.com/reiver/go-http204 v0.0.0-20260512221500-eb48ffc5c4d3/go.mod h1:e9ESb0GJStBqb30FPg/PE+eSrtZsihmTfufN6kSWbmw=
github.com/reiver/go-http401 v0.0.0-20260510005952-8134b964cfc5 h1:r+lyVhOjVAUDNZVDbxGF+AHwZ7wnjTiEskTStCbrCHk=
github.com/reiver/go-http401 v0.0.0-20260510005952-8134b964cfc5/go.mod h1:qLDXZmzjCCUXqbg0WhkpKm05NJGR/mx1irAG+bR8oak=
github.com/reiver/go-http403 v0.0.0-20260513051418-9cc60a866170 h1:gvcSB4jIHa+IoDrNA6wrv13rVg95AauTHFWwA9X6fGM=
github.com/reiver/go-http403 v0.0.0-20260513051418-9cc60a866170/go.mod h1:MBPTPAzYV9fEFcSvxZ6gZCqAnVk/xE5nyRvrtXRuAkk=
github.com/reiver/go-http404 v0.0.0-20260303090244-0bf7e6f73f9f h1:vX9E4EEW0uiQQ7uev8kaeYfBVIfR0UQn/Ufnc4SLzzg=
github.com/reiver/go-http404 v0.0.0-20260303090244-0bf7e6f73f9f/go.mod h1:H6Q0pQqL16BgZfROmVfcpQ0jZNacKv1SqS4BqTkQbg8=
github.com/reiver/go-http405 v0.0.0-20260513003826-b310b5f47814 h1:BczQLu2otL062q/jxD0ce6dAdhP3NIKEPgyhT8lxLf0=
github.com/reiver/go-http405 v0.0.0-20260513003826-b310b5f47814/go.mod h1:crm7Z30/zvkkTD/SJsObsd5fDj87oBa/vQLB4+QhjKM=
github.com/reiver/go-http500 v0.0.0-20260513003738-a9607b7c87c5 h1:ffU1e4Mn34n4eBqyFpSIVVtnkEc9osOfcHRNEA5SvzI=
github.com/reiver/go-http500 v0.0.0-20260513003738-a9607b7c87c5/go.mod h1:RgzKSX6lXTWeMJ1JQD2XgZZQV66/K1wSFkyXIrx1Do8=
github.com/reiver/go-path v0.0.0-20240327181650-5f2ee05890d8 h1:8JFCnRV4GVjP8XUFuXvCH42o4fXHSkGcUkfsloB+LeY=
github.com/reiver/go-path v0.0.0-20240327181650-5f2ee05890d8/go.mod h1:4H3fxXTRSuvWviraF1tFTVXhRciV8KFGq5tzo1gb2Tk=
golang.org/x/exp v0.0.0-20251125195548-87e1e737ad39 h1:DHNhtq3sNNzrvduZZIiFyXWOL9IWaDPHqTnLJp+rCBY=
golang.org/x/exp v0.0.0-20251125195548-87e1e737ad39/go.mod h1:46edojNIoXTNOhySWIWdix628clX9ODXwPsQuG6hsK0=
